
Microsoft Visual Studio Solution File, Format Version 12.00
# Visual Studio Version 17
VisualStudioVersion = 17.1.32210.238
MinimumVisualStudioVersion = 10.0.40219.1
Project("{9A19103F-16F7-4668-BE54-9A1E7A4F7556}") = "Prisoners.Core", "src\Prisoners.Core\Prisoners.Core.csproj", "{41D98049-83A7-41BD-8EA4-B43E3A1E5C3B}"
EndProject
Project("{9A19103F-16F7-4668-BE54-9A1E7A4F7556}") = "Test.Prisoners.Core", "tests\Test.Prisoners.Core\Test.Prisoners.Core.csproj", "{E7639FFA-223C-4C26-A0F1-7CFC26BFCCA9}"
EndProject
Global
	GlobalSection(SolutionConfigurationPlatforms) = preSolution
		Debug|Any CPU = Debug|Any CPU
		Release|Any CPU = Release|Any CPU
	EndGlobalSection
	GlobalSection(ProjectConfigurationPlatforms) = postSolution
		{41D98049-83A7-41BD-8EA4-B43E3A1E5C3B}.Debug|Any CPU.ActiveCfg = Debug|Any CPU
		{41D98049-83A7-41BD-8EA4-B43E3A1E5C3B}.Debug|Any CPU.Build.0 = Debug|Any CPU
		{41D98049-83A7-41BD-8EA4-B43E3A1E5C3B}.Release|Any CPU.ActiveCfg = Release|Any CPU
		{41D98049-83A7-41BD-8EA4-B43E3A1E5C3B}.Release|Any CPU.Build.0 = Release|Any CPU
		{E7639FFA-223C-4C26-A0F1-7CFC26BFCCA9}.Debug|Any CPU.ActiveCfg = Debug|Any CPU
		{E7639FFA-223C-4C26-A0F1-7CFC26BFCCA9}.Debug|Any CPU.Build.0 = Debug|Any CPU
		{E7639FFA-223C-4C26-A0F1-7CFC26BFCCA9}.Release|Any CPU.ActiveCfg = Release|Any CPU
		{E7639FFA-223C-4C26-A0F1-7CFC26BFCCA9}.Release|Any CPU.Build.0 = Release|Any CPU
	EndGlobalSection
	GlobalSection(SolutionProperties) = preSolution
		HideSolutionNode = FALSE
	EndGlobalSection
	GlobalSection(ExtensibilityGlobals) = postSolution
		SolutionGuid = {8EA413A8-820E-4A35-950D-1A952CED73BE}
	EndGlobalSection
EndGlobal
